NeoBundleLock bclose.vim dd6926acd005f7fefbfeec6c76f1de13116e682e
NeoBundleLock ctrlp.vim 7f74368d85bb521951dd58123349ce66b947d058
NeoBundleLock neobundle.vim 8254c568723700a3885bf0ec3a1ec98410d3969c
NeoBundleLock neosnippet-snippets 58b6ae1b86b005dae6f24b1d7f033a9575bc6234
NeoBundleLock neosnippet.vim a323d8255a3dcd21c960da9dcd5b973d5fc3ce65
NeoBundleLock vim-colorschemes 28a989b28457e38df620e4c7ab23e224aff70efe
NeoBundleLock vim-fugitive 9835920a3c91236021fc8c88cc4157304e24356b
NeoBundleLock vim-hybrid cc58baabeabc7b83768e25b852bf89c34756bf90
